Microsoft Visual Studio Solution File, Format Version 11.00
# Visual Studio 2008

Project("{B96BC316-1110-7685-A680-0FB70A874DED}") = "Kinect_zigfu", "Assembly-CSharp-firstpass.csproj", "{429DCD23-2F62-9BBE-B108-19BF9E93251F}"
EndProject
Project("{B96BC316-1110-7685-A680-0FB70A874DED}") = "Kinect_zigfu", "Assembly-CSharp.csproj", "{78931D3B-D918-4A5F-212D-CE6BCEE672FA}"
EndProject
Project("{B96BC316-1110-7685-A680-0FB70A874DED}") = "Kinect_zigfu", "Assembly-CSharp-Editor.csproj", "{C7DF2686-8937-CA4A-19B4-FCA5CD5D2210}"
EndProject
Global
	GlobalSection(SolutionConfigurationPlatforms) = preSolution
		Debug|Any CPU = Debug|Any CPU
		Release|Any CPU = Release|Any CPU
	EndGlobalSection
	GlobalSection(ProjectConfigurationPlatforms) = postSolution
		{429DCD23-2F62-9BBE-B108-19BF9E93251F}.Debug|Any CPU.ActiveCfg = Debug|Any CPU
		{429DCD23-2F62-9BBE-B108-19BF9E93251F}.Debug|Any CPU.Build.0 = Debug|Any CPU
		{429DCD23-2F62-9BBE-B108-19BF9E93251F}.Release|Any CPU.ActiveCfg = Release|Any CPU
		{429DCD23-2F62-9BBE-B108-19BF9E93251F}.Release|Any CPU.Build.0 = Release|Any CPU
		{78931D3B-D918-4A5F-212D-CE6BCEE672FA}.Debug|Any CPU.ActiveCfg = Debug|Any CPU
		{78931D3B-D918-4A5F-212D-CE6BCEE672FA}.Debug|Any CPU.Build.0 = Debug|Any CPU
		{78931D3B-D918-4A5F-212D-CE6BCEE672FA}.Release|Any CPU.ActiveCfg = Release|Any CPU
		{78931D3B-D918-4A5F-212D-CE6BCEE672FA}.Release|Any CPU.Build.0 = Release|Any CPU
		{C7DF2686-8937-CA4A-19B4-FCA5CD5D2210}.Debug|Any CPU.ActiveCfg = Debug|Any CPU
		{C7DF2686-8937-CA4A-19B4-FCA5CD5D2210}.Debug|Any CPU.Build.0 = Debug|Any CPU
		{C7DF2686-8937-CA4A-19B4-FCA5CD5D2210}.Release|Any CPU.ActiveCfg = Release|Any CPU
		{C7DF2686-8937-CA4A-19B4-FCA5CD5D2210}.Release|Any CPU.Build.0 = Release|Any CPU
	EndGlobalSection
	GlobalSection(SolutionProperties) = preSolution
		HideSolutionNode = FALSE
	EndGlobalSection
													GlobalSection(MonoDevelopProperties) = preSolution
		StartupItem = Assembly-CSharp.csproj
		Policies = $0
		$0.TextStylePolicy = $1
		$1.inheritsSet = null
		$1.scope = text/x-csharp
		$0.CSharpFormattingPolicy = $2
		$2.inheritsSet = Mono
		$2.inheritsScope = text/x-csharp
		$2.scope = text/x-csharp
		$0.TextStylePolicy = $3
		$3.FileWidth = 120
		$3.TabWidth = 4
		$3.IndentWidth = 4
		$3.EolMarker = Unix
		$3.inheritsSet = Mono
		$3.inheritsScope = text/plain
		$3.scope = text/plain
	EndGlobalSection
EndGlobal
